
Microsoft Visual Studio Solution File, Format Version 12.00
# Visual Studio 2013
VisualStudioVersion = 12.0.31101.0
MinimumVisualStudioVersion = 10.0.40219.1
Project("{FAE04EC0-301F-11D3-BF4B-00C04F79EFBC}") = "Cinema.Tests", "Cinema.Tests\Cinema.Tests.csproj", "{CD49B335-30C0-470A-8DCD-6EF682EDEC28}"
EndProject
Project("{FAE04EC0-301F-11D3-BF4B-00C04F79EFBC}") = "Cinema.DAL", "Cinema.DAL\Cinema.DAL.csproj", "{A63C4A62-6CDE-4F56-B2A4-7AA0FFCE291D}"
EndProject
Project("{FAE04EC0-301F-11D3-BF4B-00C04F79EFBC}") = "Cinema.BLL", "Cinema.BLL\Cinema.BLL.csproj", "{8930C7C1-96BF-4E3E-B7FB-6C85C32EEF2A}"
EndProject
Project("{FAE04EC0-301F-11D3-BF4B-00C04F79EFBC}") = "Cinema.UI", "Cinema.UI\Cinema.UI.csproj", "{254DC0DB-3154-49FA-B486-58E673F372B7}"
EndProject
Global
	GlobalSection(SolutionConfigurationPlatforms) = preSolution
		Debug|Any CPU = Debug|Any CPU
		Release|Any CPU = Release|Any CPU
	EndGlobalSection
	GlobalSection(ProjectConfigurationPlatforms) = postSolution
		{CD49B335-30C0-470A-8DCD-6EF682EDEC28}.Debug|Any CPU.ActiveCfg = Debug|Any CPU
		{CD49B335-30C0-470A-8DCD-6EF682EDEC28}.Debug|Any CPU.Build.0 = Debug|Any CPU
		{CD49B335-30C0-470A-8DCD-6EF682EDEC28}.Release|Any CPU.ActiveCfg = Release|Any CPU
		{CD49B335-30C0-470A-8DCD-6EF682EDEC28}.Release|Any CPU.Build.0 = Release|Any CPU
		{A63C4A62-6CDE-4F56-B2A4-7AA0FFCE291D}.Debug|Any CPU.ActiveCfg = Debug|Any CPU
		{A63C4A62-6CDE-4F56-B2A4-7AA0FFCE291D}.Debug|Any CPU.Build.0 = Debug|Any CPU
		{A63C4A62-6CDE-4F56-B2A4-7AA0FFCE291D}.Release|Any CPU.ActiveCfg = Release|Any CPU
		{A63C4A62-6CDE-4F56-B2A4-7AA0FFCE291D}.Release|Any CPU.Build.0 = Release|Any CPU
		{8930C7C1-96BF-4E3E-B7FB-6C85C32EEF2A}.Debug|Any CPU.ActiveCfg = Debug|Any CPU
		{8930C7C1-96BF-4E3E-B7FB-6C85C32EEF2A}.Debug|Any CPU.Build.0 = Debug|Any CPU
		{8930C7C1-96BF-4E3E-B7FB-6C85C32EEF2A}.Release|Any CPU.ActiveCfg = Release|Any CPU
		{8930C7C1-96BF-4E3E-B7FB-6C85C32EEF2A}.Release|Any CPU.Build.0 = Release|Any CPU
		{254DC0DB-3154-49FA-B486-58E673F372B7}.Debug|Any CPU.ActiveCfg = Debug|Any CPU
		{254DC0DB-3154-49FA-B486-58E673F372B7}.Debug|Any CPU.Build.0 = Debug|Any CPU
		{254DC0DB-3154-49FA-B486-58E673F372B7}.Release|Any CPU.ActiveCfg = Release|Any CPU
		{254DC0DB-3154-49FA-B486-58E673F372B7}.Release|Any CPU.Build.0 = Release|Any CPU
	EndGlobalSection
	GlobalSection(SolutionProperties) = preSolution
		HideSolutionNode = FALSE
	EndGlobalSection
EndGlobal
